Microsoft Visual Studio Solution File, Format Version 12.00
# Visual Studio Version 17
VisualStudioVersion = 17.5.2.0
MinimumVisualStudioVersion = 10.0.40219.1
Project("{2150E333-8FDC-42A3-9474-1A3956D46DE8}") = "POO_252_noite", "POO_252_noite", "{A0511A2A-B304-1863-B111-F214FDBFE4F5}"
EndProject
Project("{FAE04EC0-301F-11D3-BF4B-00C04F79EFBC}") = "ListFuncionario", "POO_252_noite\ListFuncionario\ListFuncionario.csproj", "{E9784866-9562-9B9B-0C47-9E34A0EEFEE6}"
EndProject
Project("{FAE04EC0-301F-11D3-BF4B-00C04F79EFBC}") = "Revisao", "POO_252_noite\Revisao\Revisao.csproj", "{CF0C4068-8C19-2469-A1B1-BE8C6A7C8A3A}"
EndProject
Project("{FAE04EC0-301F-11D3-BF4B-00C04F79EFBC}") = "TrabalhoConstrutorAluno", "POO_252_noite\TrabalhoConstrutorAluno\TrabalhoConstrutorAluno.csproj", "{40AEDDB2-6F83-C207-2CE0-31FF626CBB7A}"
EndProject
Project("{FAE04EC0-301F-11D3-BF4B-00C04F79EFBC}") = "TrabalhoVetorProduto", "POO_252_noite\TrabalhoVetorProduto\TrabalhoVetorProduto.csproj", "{13BB946C-7591-84A8-EF8E-FAFFF009B5FD}"
EndProject
Project("{2150E333-8FDC-42A3-9474-1A3956D46DE8}") = "Classes", "Classes", "{FFE42421-451A-DD1B-9C51-60E506301819}"
EndProject
Project("{FAE04EC0-301F-11D3-BF4B-00C04F79EFBC}") = "ClasseConta", "POO_252_noite\Classes\ClasseConta\ClasseConta.csproj", "{4E25E414-309A-2ABE-5831-A1DD3882D4B7}"
EndProject
Project("{FAE04EC0-301F-11D3-BF4B-00C04F79EFBC}") = "ClasseFuncionario", "POO_252_noite\Classes\ClasseFuncionario\ClasseFuncionario.csproj", "{B624CFEF-43FE-30EC-6375-146E84D13AF0}"
EndProject
Project("{FAE04EC0-301F-11D3-BF4B-00C04F79EFBC}") = "ClasseProduto", "POO_252_noite\Classes\ClasseProduto\ClasseProduto.csproj", "{E0704867-20C4-8D6F-B3AC-551A4D013C64}"
EndProject
Project("{2150E333-8FDC-42A3-9474-1A3956D46DE8}") = "Construtores", "Construtores", "{CDE1899D-DBE2-8E5D-B7C8-0DF1453EAB9A}"
EndProject
Project("{FAE04EC0-301F-11D3-BF4B-00C04F79EFBC}") = "ConstrutorConta", "POO_252_noite\Construtores\ConstrutorConta\ConstrutorConta.csproj", "{451F2B57-52CA-9FD9-B706-EC0FABFD1153}"
EndProject
Project("{FAE04EC0-301F-11D3-BF4B-00C04F79EFBC}") = "ConstrutorFuncionario", "POO_252_noite\Construtores\ConstrutorFuncionario\ConstrutorFuncionario.csproj", "{E36A2C82-B90D-E30E-0A3A-DD5C9B82CFD9}"
EndProject
Project("{2150E333-8FDC-42A3-9474-1A3956D46DE8}") = "Encapsulamento", "Encapsulamento", "{E2CF2F31-5240-690E-FEAB-F3E8635F592B}"
EndProject
Project("{FAE04EC0-301F-11D3-BF4B-00C04F79EFBC}") = "EncapsulamentoConta", "POO_252_noite\Encapsulamento\EncapsulamentoConta\EncapsulamentoConta.csproj", "{7E267017-C6EE-2A36-D405-D22BE38C30D0}"
EndProject
Project("{FAE04EC0-301F-11D3-BF4B-00C04F79EFBC}") = "EncapsulamentoEstudante", "POO_252_noite\Encapsulamento\EncapsulamentoEstudante\EncapsulamentoEstudante.csproj", "{F1C7E74B-33DC-3560-0C71-63E87E8474CB}"
EndProject
Project("{FAE04EC0-301F-11D3-BF4B-00C04F79EFBC}") = "EncapsulamentoFuncionario", "POO_252_noite\Encapsulamento\EncapsulamentoFuncionario\EncapsulamentoFuncionario.csproj", "{E59ABA44-4247-BF78-658A-6742F5B87166}"
EndProject
Project("{FAE04EC0-301F-11D3-BF4B-00C04F79EFBC}") = "EncapsulamentoProduto", "POO_252_noite\Encapsulamento\EncapsulamentoProduto\EncapsulamentoProduto.csproj", "{B7B67B14-B6CC-65DA-E06C-1174F2D2A026}"
EndProject
Project("{2150E333-8FDC-42A3-9474-1A3956D46DE8}") = "Vetor", "Vetor", "{EF69C46E-667A-CF2D-56E7-746F5E9F17F9}"
EndProject
Project("{FAE04EC0-301F-11D3-BF4B-00C04F79EFBC}") = "VetorConta", "POO_252_noite\Vetor\VetorConta\VetorConta.csproj", "{D6260EB5-ED56-4A51-358D-8B663E78833D}"
EndProject
Project("{FAE04EC0-301F-11D3-BF4B-00C04F79EFBC}") = "VetorFuncionario", "POO_252_noite\Vetor\VetorFuncionario\VetorFuncionario.csproj", "{E2C22518-963F-DDC0-D3D9-3DE6E2A56578}"
EndProject
Global
	GlobalSection(SolutionConfigurationPlatforms) = preSolution
		Debug|Any CPU = Debug|Any CPU
		Release|Any CPU = Release|Any CPU
	EndGlobalSection
	GlobalSection(ProjectConfigurationPlatforms) = postSolution
		{E9784866-9562-9B9B-0C47-9E34A0EEFEE6}.Debug|Any CPU.ActiveCfg = Debug|Any CPU
		{E9784866-9562-9B9B-0C47-9E34A0EEFEE6}.Debug|Any CPU.Build.0 = Debug|Any CPU
		{E9784866-9562-9B9B-0C47-9E34A0EEFEE6}.Release|Any CPU.ActiveCfg = Release|Any CPU
		{E9784866-9562-9B9B-0C47-9E34A0EEFEE6}.Release|Any CPU.Build.0 = Release|Any CPU
		{CF0C4068-8C19-2469-A1B1-BE8C6A7C8A3A}.Debug|Any CPU.ActiveCfg = Debug|Any CPU
		{CF0C4068-8C19-2469-A1B1-BE8C6A7C8A3A}.Debug|Any CPU.Build.0 = Debug|Any CPU
		{CF0C4068-8C19-2469-A1B1-BE8C6A7C8A3A}.Release|Any CPU.ActiveCfg = Release|Any CPU
		{CF0C4068-8C19-2469-A1B1-BE8C6A7C8A3A}.Release|Any CPU.Build.0 = Release|Any CPU
		{40AEDDB2-6F83-C207-2CE0-31FF626CBB7A}.Debug|Any CPU.ActiveCfg = Debug|Any CPU
		{40AEDDB2-6F83-C207-2CE0-31FF626CBB7A}.Debug|Any CPU.Build.0 = Debug|Any CPU
		{40AEDDB2-6F83-C207-2CE0-31FF626CBB7A}.Release|Any CPU.ActiveCfg = Release|Any CPU
		{40AEDDB2-6F83-C207-2CE0-31FF626CBB7A}.Release|Any CPU.Build.0 = Release|Any CPU
		{13BB946C-7591-84A8-EF8E-FAFFF009B5FD}.Debug|Any CPU.ActiveCfg = Debug|Any CPU
		{13BB946C-7591-84A8-EF8E-FAFFF009B5FD}.Debug|Any CPU.Build.0 = Debug|Any CPU
		{13BB946C-7591-84A8-EF8E-FAFFF009B5FD}.Release|Any CPU.ActiveCfg = Release|Any CPU
		{13BB946C-7591-84A8-EF8E-FAFFF009B5FD}.Release|Any CPU.Build.0 = Release|Any CPU
		{4E25E414-309A-2ABE-5831-A1DD3882D4B7}.Debug|Any CPU.ActiveCfg = Debug|Any CPU
		{4E25E414-309A-2ABE-5831-A1DD3882D4B7}.Debug|Any CPU.Build.0 = Debug|Any CPU
		{4E25E414-309A-2ABE-5831-A1DD3882D4B7}.Release|Any CPU.ActiveCfg = Release|Any CPU
		{4E25E414-309A-2ABE-5831-A1DD3882D4B7}.Release|Any CPU.Build.0 = Release|Any CPU
		{B624CFEF-43FE-30EC-6375-146E84D13AF0}.Debug|Any CPU.ActiveCfg = Debug|Any CPU
		{B624CFEF-43FE-30EC-6375-146E84D13AF0}.Debug|Any CPU.Build.0 = Debug|Any CPU
		{B624CFEF-43FE-30EC-6375-146E84D13AF0}.Release|Any CPU.ActiveCfg = Release|Any CPU
		{B624CFEF-43FE-30EC-6375-146E84D13AF0}.Release|Any CPU.Build.0 = Release|Any CPU
		{E0704867-20C4-8D6F-B3AC-551A4D013C64}.Debug|Any CPU.ActiveCfg = Debug|Any CPU
		{E0704867-20C4-8D6F-B3AC-551A4D013C64}.Debug|Any CPU.Build.0 = Debug|Any CPU
		{E0704867-20C4-8D6F-B3AC-551A4D013C64}.Release|Any CPU.ActiveCfg = Release|Any CPU
		{E0704867-20C4-8D6F-B3AC-551A4D013C64}.Release|Any CPU.Build.0 = Release|Any CPU
		{451F2B57-52CA-9FD9-B706-EC0FABFD1153}.Debug|Any CPU.ActiveCfg = Debug|Any CPU
		{451F2B57-52CA-9FD9-B706-EC0FABFD1153}.Debug|Any CPU.Build.0 = Debug|Any CPU
		{451F2B57-52CA-9FD9-B706-EC0FABFD1153}.Release|Any CPU.ActiveCfg = Release|Any CPU
		{451F2B57-52CA-9FD9-B706-EC0FABFD1153}.Release|Any CPU.Build.0 = Release|Any CPU
		{E36A2C82-B90D-E30E-0A3A-DD5C9B82CFD9}.Debug|Any CPU.ActiveCfg = Debug|Any CPU
		{E36A2C82-B90D-E30E-0A3A-DD5C9B82CFD9}.Debug|Any CPU.Build.0 = Debug|Any CPU
		{E36A2C82-B90D-E30E-0A3A-DD5C9B82CFD9}.Release|Any CPU.ActiveCfg = Release|Any CPU
		{E36A2C82-B90D-E30E-0A3A-DD5C9B82CFD9}.Release|Any CPU.Build.0 = Release|Any CPU
		{7E267017-C6EE-2A36-D405-D22BE38C30D0}.Debug|Any CPU.ActiveCfg = Debug|Any CPU
		{7E267017-C6EE-2A36-D405-D22BE38C30D0}.Debug|Any CPU.Build.0 = Debug|Any CPU
		{7E267017-C6EE-2A36-D405-D22BE38C30D0}.Release|Any CPU.ActiveCfg = Release|Any CPU
		{7E267017-C6EE-2A36-D405-D22BE38C30D0}.Release|Any CPU.Build.0 = Release|Any CPU
		{F1C7E74B-33DC-3560-0C71-63E87E8474CB}.Debug|Any CPU.ActiveCfg = Debug|Any CPU
		{F1C7E74B-33DC-3560-0C71-63E87E8474CB}.Debug|Any CPU.Build.0 = Debug|Any CPU
		{F1C7E74B-33DC-3560-0C71-63E87E8474CB}.Release|Any CPU.ActiveCfg = Release|Any CPU
		{F1C7E74B-33DC-3560-0C71-63E87E8474CB}.Release|Any CPU.Build.0 = Release|Any CPU
		{E59ABA44-4247-BF78-658A-6742F5B87166}.Debug|Any CPU.ActiveCfg = Debug|Any CPU
		{E59ABA44-4247-BF78-658A-6742F5B87166}.Debug|Any CPU.Build.0 = Debug|Any CPU
		{E59ABA44-4247-BF78-658A-6742F5B87166}.Release|Any CPU.ActiveCfg = Release|Any CPU
		{E59ABA44-4247-BF78-658A-6742F5B87166}.Release|Any CPU.Build.0 = Release|Any CPU
		{B7B67B14-B6CC-65DA-E06C-1174F2D2A026}.Debug|Any CPU.ActiveCfg = Debug|Any CPU
		{B7B67B14-B6CC-65DA-E06C-1174F2D2A026}.Debug|Any CPU.Build.0 = Debug|Any CPU
		{B7B67B14-B6CC-65DA-E06C-1174F2D2A026}.Release|Any CPU.ActiveCfg = Release|Any CPU
		{B7B67B14-B6CC-65DA-E06C-1174F2D2A026}.Release|Any CPU.Build.0 = Release|Any CPU
		{D6260EB5-ED56-4A51-358D-8B663E78833D}.Debug|Any CPU.ActiveCfg = Debug|Any CPU
		{D6260EB5-ED56-4A51-358D-8B663E78833D}.Debug|Any CPU.Build.0 = Debug|Any CPU
		{D6260EB5-ED56-4A51-358D-8B663E78833D}.Release|Any CPU.ActiveCfg = Release|Any CPU
		{D6260EB5-ED56-4A51-358D-8B663E78833D}.Release|Any CPU.Build.0 = Release|Any CPU
		{E2C22518-963F-DDC0-D3D9-3DE6E2A56578}.Debug|Any CPU.ActiveCfg = Debug|Any CPU
		{E2C22518-963F-DDC0-D3D9-3DE6E2A56578}.Debug|Any CPU.Build.0 = Debug|Any CPU
		{E2C22518-963F-DDC0-D3D9-3DE6E2A56578}.Release|Any CPU.ActiveCfg = Release|Any CPU
		{E2C22518-963F-DDC0-D3D9-3DE6E2A56578}.Release|Any CPU.Build.0 = Release|Any CPU
	EndGlobalSection
	GlobalSection(SolutionProperties) = preSolution
		HideSolutionNode = FALSE
	EndGlobalSection
	GlobalSection(NestedProjects) = preSolution
		{E9784866-9562-9B9B-0C47-9E34A0EEFEE6} = {A0511A2A-B304-1863-B111-F214FDBFE4F5}
		{CF0C4068-8C19-2469-A1B1-BE8C6A7C8A3A} = {A0511A2A-B304-1863-B111-F214FDBFE4F5}
		{40AEDDB2-6F83-C207-2CE0-31FF626CBB7A} = {A0511A2A-B304-1863-B111-F214FDBFE4F5}
		{13BB946C-7591-84A8-EF8E-FAFFF009B5FD} = {A0511A2A-B304-1863-B111-F214FDBFE4F5}
		{FFE42421-451A-DD1B-9C51-60E506301819} = {A0511A2A-B304-1863-B111-F214FDBFE4F5}
		{4E25E414-309A-2ABE-5831-A1DD3882D4B7} = {FFE42421-451A-DD1B-9C51-60E506301819}
		{B624CFEF-43FE-30EC-6375-146E84D13AF0} = {FFE42421-451A-DD1B-9C51-60E506301819}
		{E0704867-20C4-8D6F-B3AC-551A4D013C64} = {FFE42421-451A-DD1B-9C51-60E506301819}
		{CDE1899D-DBE2-8E5D-B7C8-0DF1453EAB9A} = {A0511A2A-B304-1863-B111-F214FDBFE4F5}
		{451F2B57-52CA-9FD9-B706-EC0FABFD1153} = {CDE1899D-DBE2-8E5D-B7C8-0DF1453EAB9A}
		{E36A2C82-B90D-E30E-0A3A-DD5C9B82CFD9} = {CDE1899D-DBE2-8E5D-B7C8-0DF1453EAB9A}
		{E2CF2F31-5240-690E-FEAB-F3E8635F592B} = {A0511A2A-B304-1863-B111-F214FDBFE4F5}
		{7E267017-C6EE-2A36-D405-D22BE38C30D0} = {E2CF2F31-5240-690E-FEAB-F3E8635F592B}
		{F1C7E74B-33DC-3560-0C71-63E87E8474CB} = {E2CF2F31-5240-690E-FEAB-F3E8635F592B}
		{E59ABA44-4247-BF78-658A-6742F5B87166} = {E2CF2F31-5240-690E-FEAB-F3E8635F592B}
		{B7B67B14-B6CC-65DA-E06C-1174F2D2A026} = {E2CF2F31-5240-690E-FEAB-F3E8635F592B}
		{EF69C46E-667A-CF2D-56E7-746F5E9F17F9} = {A0511A2A-B304-1863-B111-F214FDBFE4F5}
		{D6260EB5-ED56-4A51-358D-8B663E78833D} = {EF69C46E-667A-CF2D-56E7-746F5E9F17F9}
		{E2C22518-963F-DDC0-D3D9-3DE6E2A56578} = {EF69C46E-667A-CF2D-56E7-746F5E9F17F9}
	EndGlobalSection
	GlobalSection(ExtensibilityGlobals) = postSolution
		SolutionGuid = {69FF1BE5-C9F8-4FAD-9650-E04C430DFB7B}
	EndGlobalSection
EndGlobal
